
Microsoft Visual Studio Solution File, Format Version 12.00
# Visual Studio 14
VisualStudioVersion = 14.0.24720.0
MinimumVisualStudioVersion = 10.0.40219.1
Project("{8BC9CEB8-8B4A-11D0-8D11-00A0C91BC942}") = "Task1", "Lab5OS\Lab5OS.vcxproj", "{58190206-180C-4E75-A5BE-365883062CCD}"
EndProject
Project("{8BC9CEB8-8B4A-11D0-8D11-00A0C91BC942}") = "Task2", "Task2\Task2.vcxproj", "{722A7499-0E15-4B76-9488-40718E24FBCB}"
EndProject
Project("{8BC9CEB8-8B4A-11D0-8D11-00A0C91BC942}") = "Task3", "Task3\Task3.vcxproj", "{70829E1C-3D54-4996-9924-09C8C0C4FF14}"
EndProject
Project("{8BC9CEB8-8B4A-11D0-8D11-00A0C91BC942}") = "Task4", "Task4\Task4.vcxproj", "{50C97EC7-6C1C-4E26-BD7D-A3DDFB2EC360}"
EndProject
Global
	GlobalSection(SolutionConfigurationPlatforms) = preSolution
		Debug|x64 = Debug|x64
		Debug|x86 = Debug|x86
		Release|x64 = Release|x64
		Release|x86 = Release|x86
	EndGlobalSection
	GlobalSection(ProjectConfigurationPlatforms) = postSolution
		{58190206-180C-4E75-A5BE-365883062CCD}.Debug|x64.ActiveCfg = Debug|x64
		{58190206-180C-4E75-A5BE-365883062CCD}.Debug|x64.Build.0 = Debug|x64
		{58190206-180C-4E75-A5BE-365883062CCD}.Debug|x86.ActiveCfg = Debug|Win32
		{58190206-180C-4E75-A5BE-365883062CCD}.Debug|x86.Build.0 = Debug|Win32
		{58190206-180C-4E75-A5BE-365883062CCD}.Release|x64.ActiveCfg = Release|x64
		{58190206-180C-4E75-A5BE-365883062CCD}.Release|x64.Build.0 = Release|x64
		{58190206-180C-4E75-A5BE-365883062CCD}.Release|x86.ActiveCfg = Release|Win32
		{58190206-180C-4E75-A5BE-365883062CCD}.Release|x86.Build.0 = Release|Win32
		{722A7499-0E15-4B76-9488-40718E24FBCB}.Debug|x64.ActiveCfg = Debug|x64
		{722A7499-0E15-4B76-9488-40718E24FBCB}.Debug|x64.Build.0 = Debug|x64
		{722A7499-0E15-4B76-9488-40718E24FBCB}.Debug|x86.ActiveCfg = Debug|Win32
		{722A7499-0E15-4B76-9488-40718E24FBCB}.Debug|x86.Build.0 = Debug|Win32
		{722A7499-0E15-4B76-9488-40718E24FBCB}.Release|x64.ActiveCfg = Release|x64
		{722A7499-0E15-4B76-9488-40718E24FBCB}.Release|x64.Build.0 = Release|x64
		{722A7499-0E15-4B76-9488-40718E24FBCB}.Release|x86.ActiveCfg = Release|Win32
		{722A7499-0E15-4B76-9488-40718E24FBCB}.Release|x86.Build.0 = Release|Win32
		{70829E1C-3D54-4996-9924-09C8C0C4FF14}.Debug|x64.ActiveCfg = Debug|x64
		{70829E1C-3D54-4996-9924-09C8C0C4FF14}.Debug|x64.Build.0 = Debug|x64
		{70829E1C-3D54-4996-9924-09C8C0C4FF14}.Debug|x86.ActiveCfg = Debug|Win32
		{70829E1C-3D54-4996-9924-09C8C0C4FF14}.Debug|x86.Build.0 = Debug|Win32
		{70829E1C-3D54-4996-9924-09C8C0C4FF14}.Release|x64.ActiveCfg = Release|x64
		{70829E1C-3D54-4996-9924-09C8C0C4FF14}.Release|x64.Build.0 = Release|x64
		{70829E1C-3D54-4996-9924-09C8C0C4FF14}.Release|x86.ActiveCfg = Release|Win32
		{70829E1C-3D54-4996-9924-09C8C0C4FF14}.Release|x86.Build.0 = Release|Win32
		{50C97EC7-6C1C-4E26-BD7D-A3DDFB2EC360}.Debug|x64.ActiveCfg = Debug|x64
		{50C97EC7-6C1C-4E26-BD7D-A3DDFB2EC360}.Debug|x64.Build.0 = Debug|x64
		{50C97EC7-6C1C-4E26-BD7D-A3DDFB2EC360}.Debug|x86.ActiveCfg = Debug|Win32
		{50C97EC7-6C1C-4E26-BD7D-A3DDFB2EC360}.Debug|x86.Build.0 = Debug|Win32
		{50C97EC7-6C1C-4E26-BD7D-A3DDFB2EC360}.Release|x64.ActiveCfg = Release|x64
		{50C97EC7-6C1C-4E26-BD7D-A3DDFB2EC360}.Release|x64.Build.0 = Release|x64
		{50C97EC7-6C1C-4E26-BD7D-A3DDFB2EC360}.Release|x86.ActiveCfg = Release|Win32
		{50C97EC7-6C1C-4E26-BD7D-A3DDFB2EC360}.Release|x86.Build.0 = Release|Win32
	EndGlobalSection
	GlobalSection(SolutionProperties) = preSolution
		HideSolutionNode = FALSE
	EndGlobalSection
EndGlobal
